PODS:
  - FMDB (2.6.2):
    - FMDB/standard (= 2.6.2)
  - FMDB/standard (2.6.2)
  - JPush (2.1.9)
  - MJRefresh (3.1.12)

DEPENDENCIES:
  - FMDB (~> 2.6.2)
  - JPush (~> 2.1.9)
  - MJRefresh (~> 3.1.12)

SPEC CHECKSUMS:
  FMDB: 854a0341b4726e53276f2a8996f06f1b80f9259a
  JPush: 8bccf709ace4318a8e7008cc4fab42b706bfad46
  MJRefresh: b96cdb21c4aa75a7b07654311ab2f315c497e806

PODFILE CHECKSUM: 2ba7a3c38c4a4ae5f516ee111136d0855ffc79e3

COCOAPODS: 1.0.1
